// !$*UTF8*$!
{
	archiveVersion = 1;
	classes = {
	};
	objectVersion = 46;
	objects = {

/* Begin PBXBuildFile section */
		3C2DFF2917FF8BE600E71D57 /* rally.gif in Resources */ = {isa = PBXBuildFile; fileRef = 3C2DFF2817FF8BE600E71D57 /* rally.gif */; };
		3C2DFF2B17FF8BF100E71D57 /* senna prost.gif in Resources */ = {isa = PBXBuildFile; fileRef = 3C2DFF2A17FF8BF100E71D57 /* senna prost.gif */; };
		3C2DFF2E17FF922700E71D57 /* GIFMainCollectionViewController.m in Sources */ = {isa = PBXBuildFile; fileRef = 3C2DFF2D17FF922700E71D57 /* GIFMainCollectionViewController.m */; };
		3C33541A1801DE6E00522F89 /* GIFSoloViewController.m in Sources */ = {isa = PBXBuildFile; fileRef = 3C3354191801DE6E00522F89 /* GIFSoloViewController.m */; };
		3C8E271F18033B5B00619359 /* GIFMainPageViewController.m in Sources */ = {isa = PBXBuildFile; fileRef = 3C8E271E18033B5B00619359 /* GIFMainPageViewController.m */; };
		3C8E272618034A1800619359 /* GIFSinglePageViewController.m in Sources */ = {isa = PBXBuildFile; fileRef = 3C8E272518034A1800619359 /* GIFSinglePageViewController.m */; };
		3C8E28041804483A00619359 /* MobileCoreServices.framework in Frameworks */ = {isa = PBXBuildFile; fileRef = 3C8E28031804483A00619359 /* MobileCoreServices.framework */; };
		3C8E28191804485500619359 /* AFHTTPRequestOperation.m in Sources */ = {isa = PBXBuildFile; fileRef = 3C8E28071804485500619359 /* AFHTTPRequestOperation.m */; };
		3C8E281A1804485500619359 /* AFHTTPRequestOperation.m in Sources */ = {isa = PBXBuildFile; fileRef = 3C8E28071804485500619359 /* AFHTTPRequestOperation.m */; };
		3C8E281B1804485500619359 /* AFHTTPRequestOperationManager.m in Sources */ = {isa = PBXBuildFile; fileRef = 3C8E28091804485500619359 /* AFHTTPRequestOperationManager.m */; };
		3C8E281C1804485500619359 /* AFHTTPRequestOperationManager.m in Sources */ = {isa = PBXBuildFile; fileRef = 3C8E28091804485500619359 /* AFHTTPRequestOperationManager.m */; };
		3C8E281D1804485500619359 /* AFHTTPSessionManager.m in Sources */ = {isa = PBXBuildFile; fileRef = 3C8E280B1804485500619359 /* AFHTTPSessionManager.m */; };
		3C8E281E1804485500619359 /* AFHTTPSessionManager.m in Sources */ = {isa = PBXBuildFile; fileRef = 3C8E280B1804485500619359 /* AFHTTPSessionManager.m */; };
		3C8E281F1804485500619359 /* AFNetworkReachabilityManager.m in Sources */ = {isa = PBXBuildFile; fileRef = 3C8E280E1804485500619359 /* AFNetworkReachabilityManager.m */; };
		3C8E28201804485500619359 /* AFNetworkReachabilityManager.m in Sources */ = {isa = PBXBuildFile; fileRef = 3C8E280E1804485500619359 /* AFNetworkReachabilityManager.m */; };
		3C8E28211804485500619359 /* AFSecurityPolicy.m in Sources */ = {isa = PBXBuildFile; fileRef = 3C8E28101804485500619359 /* AFSecurityPolicy.m */; };
		3C8E28221804485500619359 /* AFSecurityPolicy.m in Sources */ = {isa = PBXBuildFile; fileRef = 3C8E28101804485500619359 /* AFSecurityPolicy.m */; };
		3C8E28231804485500619359 /* AFURLConnectionOperation.m in Sources */ = {isa = PBXBuildFile; fileRef = 3C8E28121804485500619359 /* AFURLConnectionOperation.m */; };
		3C8E28241804485500619359 /* AFURLConnectionOperation.m in Sources */ = {isa = PBXBuildFile; fileRef = 3C8E28121804485500619359 /* AFURLConnectionOperation.m */; };
		3C8E28251804485500619359 /* AFURLRequestSerialization.m in Sources */ = {isa = PBXBuildFile; fileRef = 3C8E28141804485500619359 /* AFURLRequestSerialization.m */; };
		3C8E28261804485500619359 /* AFURLRequestSerialization.m in Sources */ = {isa = PBXBuildFile; fileRef = 3C8E28141804485500619359 /* AFURLRequestSerialization.m */; };
		3C8E28271804485500619359 /* AFURLResponseSerialization.m in Sources */ = {isa = PBXBuildFile; fileRef = 3C8E28161804485500619359 /* AFURLResponseSerialization.m */; };
		3C8E28281804485500619359 /* AFURLResponseSerialization.m in Sources */ = {isa = PBXBuildFile; fileRef = 3C8E28161804485500619359 /* AFURLResponseSerialization.m */; };
		3C8E28291804485500619359 /* AFURLSessionManager.m in Sources */ = {isa = PBXBuildFile; fileRef = 3C8E28181804485500619359 /* AFURLSessionManager.m */; };
		3C8E282A1804485500619359 /* AFURLSessionManager.m in Sources */ = {isa = PBXBuildFile; fileRef = 3C8E28181804485500619359 /* AFURLSessionManager.m */; };
		3C9D91B017F9C419007DEDF8 /* GIFLibrary.m in Sources */ = {isa = PBXBuildFile; fileRef = 3C9D91AF17F9C419007DEDF8 /* GIFLibrary.m */; };
		3CA3508D17ED225E00F17A03 /* Foundation.framework in Frameworks */ = {isa = PBXBuildFile; fileRef = 3CA3508C17ED225E00F17A03 /* Foundation.framework */; };
		3CA3508F17ED225E00F17A03 /* CoreGraphics.framework in Frameworks */ = {isa = PBXBuildFile; fileRef = 3CA3508E17ED225E00F17A03 /* CoreGraphics.framework */; };
		3CA3509117ED225E00F17A03 /* UIKit.framework in Frameworks */ = {isa = PBXBuildFile; fileRef = 3CA3509017ED225E00F17A03 /* UIKit.framework */; };
		3CA3509717ED225E00F17A03 /* InfoPlist.strings in Resources */ = {isa = PBXBuildFile; fileRef = 3CA3509517ED225E00F17A03 /* InfoPlist.strings */; };
		3CA3509917ED225E00F17A03 /* main.m in Sources */ = {isa = PBXBuildFile; fileRef = 3CA3509817ED225E00F17A03 /* main.m */; };
		3CA3509D17ED225E00F17A03 /* GIFAppDelegate.m in Sources */ = {isa = PBXBuildFile; fileRef = 3CA3509C17ED225E00F17A03 /* GIFAppDelegate.m */; };
		3CA350A017ED225E00F17A03 /* Main_iPhone.storyboard in Resources */ = {isa = PBXBuildFile; fileRef = 3CA3509E17ED225E00F17A03 /* Main_iPhone.storyboard */; };
		3CA350A317ED225E00F17A03 /* Main_iPad.storyboard in Resources */ = {isa = PBXBuildFile; fileRef = 3CA350A117ED225E00F17A03 /* Main_iPad.storyboard */; };
		3CA350A617ED225E00F17A03 /* GIFSetViewController.m in Sources */ = {isa = PBXBuildFile; fileRef = 3CA350A517ED225E00F17A03 /* GIFSetViewController.m */; };
		3CA350A917ED225E00F17A03 /* GIFSettingsViewController.m in Sources */ = {isa = PBXBuildFile; fileRef = 3CA350A817ED225E00F17A03 /* GIFSettingsViewController.m */; };
		3CA350AB17ED225E00F17A03 /* Images.xcassets in Resources */ = {isa = PBXBuildFile; fileRef = 3CA350AA17ED225E00F17A03 /* Images.xcassets */; };
		3CA350B217ED225E00F17A03 /* XCTest.framework in Frameworks */ = {isa = PBXBuildFile; fileRef = 3CA350B117ED225E00F17A03 /* XCTest.framework */; };
		3CA350B317ED225E00F17A03 /* Foundation.framework in Frameworks */ = {isa = PBXBuildFile; fileRef = 3CA3508C17ED225E00F17A03 /* Foundation.framework */; };
		3CA350B417ED225E00F17A03 /* UIKit.framework in Frameworks */ = {isa = PBXBuildFile; fileRef = 3CA3509017ED225E00F17A03 /* UIKit.framework */; };
		3CA350BC17ED225E00F17A03 /* InfoPlist.strings in Resources */ = {isa = PBXBuildFile; fileRef = 3CA350BA17ED225E00F17A03 /* InfoPlist.strings */; };
		3CA350BE17ED225E00F17A03 /* AirGIFTests.m in Sources */ = {isa = PBXBuildFile; fileRef = 3CA350BD17ED225E00F17A03 /* AirGIFTests.m */; };
		3CC6D2B517EF67AD00422505 /* gilles.gif in Resources */ = {isa = PBXBuildFile; fileRef = 3CC6D2B417EF67AD00422505 /* gilles.gif */; };
		3CC6D2B817EF68CE00422505 /* UIImage+animatedGIF.m in Sources */ = {isa = PBXBuildFile; fileRef = 3CC6D2B617EF68CE00422505 /* UIImage+animatedGIF.m */; };
		3CC6D30017EF7CF000422505 /* GIFActivityProvider.m in Sources */ = {isa = PBXBuildFile; fileRef = 3CC6D2FF17EF7CF000422505 /* GIFActivityProvider.m */; };
		3CE1FD0C17F8E1F6001C8685 /* GIFEditLibraryViewController.m in Sources */ = {isa = PBXBuildFile; fileRef = 3CE1FD0B17F8E1F6001C8685 /* GIFEditLibraryViewController.m */; };
		3CFF5584180453F400CC26BE /* SystemConfiguration.framework in Frameworks */ = {isa = PBXBuildFile; fileRef = 3CFF5583180453F400CC26BE /* SystemConfiguration.framework */; };
/* End PBXBuildFile section */

/* Begin PBXContainerItemProxy section */
		3CA350B517ED225E00F17A03 /* PBXContainerItemProxy */ = {
			isa = PBXContainerItemProxy;
			containerPortal = 3CA3508117ED225D00F17A03 /* Project object */;
			proxyType = 1;
			remoteGlobalIDString = 3CA3508817ED225E00F17A03;
			remoteInfo = AirGIF;
		};
/* End PBXContainerItemProxy section */

/* Begin PBXFileReference section */
		3C2DFF2817FF8BE600E71D57 /* rally.gif */ = {isa = PBXFileReference; lastKnownFileType = image.gif; path = rally.gif; sourceTree = "<group>"; };
		3C2DFF2A17FF8BF100E71D57 /* senna prost.gif */ = {isa = PBXFileReference; lastKnownFileType = image.gif; path = "senna prost.gif"; sourceTree = "<group>"; };
		3C2DFF2C17FF922700E71D57 /* GIFMainCollectionViewController.h */ = {isa = PBXFileReference; fileEncoding = 4; lastKnownFileType = sourcecode.c.h; path = GIFMainCollectionViewController.h; sourceTree = "<group>"; };
		3C2DFF2D17FF922700E71D57 /* GIFMainCollectionViewController.m */ = {isa = PBXFileReference; fileEncoding = 4; lastKnownFileType = sourcecode.c.objc; path = GIFMainCollectionViewController.m; sourceTree = "<group>"; };
		3C3354181801DE6E00522F89 /* GIFSoloViewController.h */ = {isa = PBXFileReference; fileEncoding = 4; lastKnownFileType = sourcecode.c.h; path = GIFSoloViewController.h; sourceTree = "<group>"; };
		3C3354191801DE6E00522F89 /* GIFSoloViewController.m */ = {isa = PBXFileReference; fileEncoding = 4; lastKnownFileType = sourcecode.c.objc; path = GIFSoloViewController.m; sourceTree = "<group>"; };
		3C8E271D18033B5B00619359 /* GIFMainPageViewController.h */ = {isa = PBXFileReference; fileEncoding = 4; lastKnownFileType = sourcecode.c.h; path = GIFMainPageViewController.h; sourceTree = "<group>"; };
		3C8E271E18033B5B00619359 /* GIFMainPageViewController.m */ = {isa = PBXFileReference; fileEncoding = 4; lastKnownFileType = sourcecode.c.objc; path = GIFMainPageViewController.m; sourceTree = "<group>"; };
		3C8E272418034A1800619359 /* GIFSinglePageViewController.h */ = {isa = PBXFileReference; fileEncoding = 4; lastKnownFileType = sourcecode.c.h; path = GIFSinglePageViewController.h; sourceTree = "<group>"; };
		3C8E272518034A1800619359 /* GIFSinglePageViewController.m */ = {isa = PBXFileReference; fileEncoding = 4; lastKnownFileType = sourcecode.c.objc; path = GIFSinglePageViewController.m; sourceTree = "<group>"; };
		3C8E28031804483A00619359 /* MobileCoreServices.framework */ = {isa = PBXFileReference; lastKnownFileType = wrapper.framework; name = MobileCoreServices.framework; path = System/Library/Frameworks/MobileCoreServices.framework; sourceTree = SDKROOT; };
		3C8E28061804485500619359 /* AFHTTPRequestOperation.h */ = {isa = PBXFileReference; fileEncoding = 4; lastKnownFileType = sourcecode.c.h; path = AFHTTPRequestOperation.h; sourceTree = "<group>"; };
		3C8E28071804485500619359 /* AFHTTPRequestOperation.m */ = {isa = PBXFileReference; fileEncoding = 4; lastKnownFileType = sourcecode.c.objc; path = AFHTTPRequestOperation.m; sourceTree = "<group>"; };
		3C8E28081804485500619359 /* AFHTTPRequestOperationManager.h */ = {isa = PBXFileReference; fileEncoding = 4; lastKnownFileType = sourcecode.c.h; path = AFHTTPRequestOperationManager.h; sourceTree = "<group>"; };
		3C8E28091804485500619359 /* AFHTTPRequestOperationManager.m */ = {isa = PBXFileReference; fileEncoding = 4; lastKnownFileType = sourcecode.c.objc; path = AFHTTPRequestOperationManager.m; sourceTree = "<group>"; };
		3C8E280A1804485500619359 /* AFHTTPSessionManager.h */ = {isa = PBXFileReference; fileEncoding = 4; lastKnownFileType = sourcecode.c.h; path = AFHTTPSessionManager.h; sourceTree = "<group>"; };
		3C8E280B1804485500619359 /* AFHTTPSessionManager.m */ = {isa = PBXFileReference; fileEncoding = 4; lastKnownFileType = sourcecode.c.objc; path = AFHTTPSessionManager.m; sourceTree = "<group>"; };
		3C8E280C1804485500619359 /* AFNetworking.h */ = {isa = PBXFileReference; fileEncoding = 4; lastKnownFileType = sourcecode.c.h; path = AFNetworking.h; sourceTree = "<group>"; };
		3C8E280D1804485500619359 /* AFNetworkReachabilityManager.h */ = {isa = PBXFileReference; fileEncoding = 4; lastKnownFileType = sourcecode.c.h; path = AFNetworkReachabilityManager.h; sourceTree = "<group>"; };
		3C8E280E1804485500619359 /* AFNetworkReachabilityManager.m */ = {isa = PBXFileReference; fileEncoding = 4; lastKnownFileType = sourcecode.c.objc; path = AFNetworkReachabilityManager.m; sourceTree = "<group>"; };
		3C8E280F1804485500619359 /* AFSecurityPolicy.h */ = {isa = PBXFileReference; fileEncoding = 4; lastKnownFileType = sourcecode.c.h; path = AFSecurityPolicy.h; sourceTree = "<group>"; };
		3C8E28101804485500619359 /* AFSecurityPolicy.m */ = {isa = PBXFileReference; fileEncoding = 4; lastKnownFileType = sourcecode.c.objc; path = AFSecurityPolicy.m; sourceTree = "<group>"; };
		3C8E28111804485500619359 /* AFURLConnectionOperation.h */ = {isa = PBXFileReference; fileEncoding = 4; lastKnownFileType = sourcecode.c.h; path = AFURLConnectionOperation.h; sourceTree = "<group>"; };
		3C8E28121804485500619359 /* AFURLConnectionOperation.m */ = {isa = PBXFileReference; fileEncoding = 4; lastKnownFileType = sourcecode.c.objc; path = AFURLConnectionOperation.m; sourceTree = "<group>"; };
		3C8E28131804485500619359 /* AFURLRequestSerialization.h */ = {isa = PBXFileReference; fileEncoding = 4; lastKnownFileType = sourcecode.c.h; path = AFURLRequestSerialization.h; sourceTree = "<group>"; };
		3C8E28141804485500619359 /* AFURLRequestSerialization.m */ = {isa = PBXFileReference; fileEncoding = 4; lastKnownFileType = sourcecode.c.objc; path = AFURLRequestSerialization.m; sourceTree = "<group>"; };
		3C8E28151804485500619359 /* AFURLResponseSerialization.h */ = {isa = PBXFileReference; fileEncoding = 4; lastKnownFileType = sourcecode.c.h; path = AFURLResponseSerialization.h; sourceTree = "<group>"; };
		3C8E28161804485500619359 /* AFURLResponseSerialization.m */ = {isa = PBXFileReference; fileEncoding = 4; lastKnownFileType = sourcecode.c.objc; path = AFURLResponseSerialization.m; sourceTree = "<group>"; };
		3C8E28171804485500619359 /* AFURLSessionManager.h */ = {isa = PBXFileReference; fileEncoding = 4; lastKnownFileType = sourcecode.c.h; path = AFURLSessionManager.h; sourceTree = "<group>"; };
		3C8E28181804485500619359 /* AFURLSessionManager.m */ = {isa = PBXFileReference; fileEncoding = 4; lastKnownFileType = sourcecode.c.objc; path = AFURLSessionManager.m; sourceTree = "<group>"; };
		3C9D91AE17F9C419007DEDF8 /* GIFLibrary.h */ = {isa = PBXFileReference; fileEncoding = 4; lastKnownFileType = sourcecode.c.h; path = GIFLibrary.h; sourceTree = "<group>"; };
		3C9D91AF17F9C419007DEDF8 /* GIFLibrary.m */ = {isa = PBXFileReference; fileEncoding = 4; lastKnownFileType = sourcecode.c.objc; path = GIFLibrary.m; sourceTree = "<group>"; };
		3CA3508917ED225E00F17A03 /* AirGIF.app */ = {isa = PBXFileReference; explicitFileType = wrapper.application; includeInIndex = 0; path = AirGIF.app; sourceTree = BUILT_PRODUCTS_DIR; };
		3CA3508C17ED225E00F17A03 /* Foundation.framework */ = {isa = PBXFileReference; lastKnownFileType = wrapper.framework; name = Foundation.framework; path = System/Library/Frameworks/Foundation.framework; sourceTree = SDKROOT; };
		3CA3508E17ED225E00F17A03 /* CoreGraphics.framework */ = {isa = PBXFileReference; lastKnownFileType = wrapper.framework; name = CoreGraphics.framework; path = System/Library/Frameworks/CoreGraphics.framework; sourceTree = SDKROOT; };
		3CA3509017ED225E00F17A03 /* UIKit.framework */ = {isa = PBXFileReference; lastKnownFileType = wrapper.framework; name = UIKit.framework; path = System/Library/Frameworks/UIKit.framework; sourceTree = SDKROOT; };
		3CA3509417ED225E00F17A03 /* AirGIF-Info.plist */ = {isa = PBXFileReference; lastKnownFileType = text.plist.xml; path = "AirGIF-Info.plist"; sourceTree = "<group>"; };
		3CA3509617ED225E00F17A03 /* en */ = {isa = PBXFileReference; lastKnownFileType = text.plist.strings; name = en; path = en.lproj/InfoPlist.strings; sourceTree = "<group>"; };
		3CA3509817ED225E00F17A03 /* main.m */ = {isa = PBXFileReference; lastKnownFileType = sourcecode.c.objc; path = main.m; sourceTree = "<group>"; };
		3CA3509A17ED225E00F17A03 /* AirGIF-Prefix.pch */ = {isa = PBXFileReference; lastKnownFileType = sourcecode.c.h; path = "AirGIF-Prefix.pch"; sourceTree = "<group>"; };
		3CA3509B17ED225E00F17A03 /* GIFAppDelegate.h */ = {isa = PBXFileReference; lastKnownFileType = sourcecode.c.h; path = GIFAppDelegate.h; sourceTree = "<group>"; };
		3CA3509C17ED225E00F17A03 /* GIFAppDelegate.m */ = {isa = PBXFileReference; lastKnownFileType = sourcecode.c.objc; path = GIFAppDelegate.m; sourceTree = "<group>"; };
		3CA3509F17ED225E00F17A03 /* Base */ = {isa = PBXFileReference; lastKnownFileType = file.storyboard; name = Base; path = Base.lproj/Main_iPhone.storyboard; sourceTree = "<group>"; };
		3CA350A217ED225E00F17A03 /* Base */ = {isa = PBXFileReference; lastKnownFileType = file.storyboard; name = Base; path = Base.lproj/Main_iPad.storyboard; sourceTree = "<group>"; };
		3CA350A417ED225E00F17A03 /* GIFSetViewController.h */ = {isa = PBXFileReference; lastKnownFileType = sourcecode.c.h; path = GIFSetViewController.h; sourceTree = "<group>"; };
		3CA350A517ED225E00F17A03 /* GIFSetViewController.m */ = {isa = PBXFileReference; lastKnownFileType = sourcecode.c.objc; path = GIFSetViewController.m; sourceTree = "<group>"; };
		3CA350A717ED225E00F17A03 /* GIFSettingsViewController.h */ = {isa = PBXFileReference; lastKnownFileType = sourcecode.c.h; path = GIFSettingsViewController.h; sourceTree = "<group>"; };
		3CA350A817ED225E00F17A03 /* GIFSettingsViewController.m */ = {isa = PBXFileReference; lastKnownFileType = sourcecode.c.objc; path = GIFSettingsViewController.m; sourceTree = "<group>"; };
		3CA350AA17ED225E00F17A03 /* Images.xcassets */ = {isa = PBXFileReference; lastKnownFileType = folder.assetcatalog; path = Images.xcassets; sourceTree = "<group>"; };
		3CA350B017ED225E00F17A03 /* AirGIFTests.xctest */ = {isa = PBXFileReference; explicitFileType = wrapper.cfbundle; includeInIndex = 0; path = AirGIFTests.xctest; sourceTree = BUILT_PRODUCTS_DIR; };
		3CA350B117ED225E00F17A03 /* XCTest.framework */ = {isa = PBXFileReference; lastKnownFileType = wrapper.framework; name = XCTest.framework; path = Library/Frameworks/XCTest.framework; sourceTree = DEVELOPER_DIR; };
		3CA350B917ED225E00F17A03 /* AirGIFTests-Info.plist */ = {isa = PBXFileReference; lastKnownFileType = text.plist.xml; path = "AirGIFTests-Info.plist"; sourceTree = "<group>"; };
		3CA350BB17ED225E00F17A03 /* en */ = {isa = PBXFileReference; lastKnownFileType = text.plist.strings; name = en; path = en.lproj/InfoPlist.strings; sourceTree = "<group>"; };
		3CA350BD17ED225E00F17A03 /* AirGIFTests.m */ = {isa = PBXFileReference; lastKnownFileType = sourcecode.c.objc; path = AirGIFTests.m; sourceTree = "<group>"; };
		3CC6D2B417EF67AD00422505 /* gilles.gif */ = {isa = PBXFileReference; lastKnownFileType = image.gif; path = gilles.gif; sourceTree = "<group>"; };
		3CC6D2B617EF68CE00422505 /* UIImage+animatedGIF.m */ = {isa = PBXFileReference; fileEncoding = 4; lastKnownFileType = sourcecode.c.objc; path = "UIImage+animatedGIF.m"; sourceTree = "<group>"; };
		3CC6D2B717EF68CE00422505 /* UIImage+animatedGIF.h */ = {isa = PBXFileReference; fileEncoding = 4; lastKnownFileType = sourcecode.c.h; path = "UIImage+animatedGIF.h"; sourceTree = "<group>"; };
		3CC6D2FE17EF7CF000422505 /* GIFActivityProvider.h */ = {isa = PBXFileReference; fileEncoding = 4; lastKnownFileType = sourcecode.c.h; path = GIFActivityProvider.h; sourceTree = "<group>"; };
		3CC6D2FF17EF7CF000422505 /* GIFActivityProvider.m */ = {isa = PBXFileReference; fileEncoding = 4; lastKnownFileType = sourcecode.c.objc; path = GIFActivityProvider.m; sourceTree = "<group>"; };
		3CE1FD0A17F8E1F6001C8685 /* GIFEditLibraryViewController.h */ = {isa = PBXFileReference; fileEncoding = 4; lastKnownFileType = sourcecode.c.h; path = GIFEditLibraryViewController.h; sourceTree = "<group>"; };
		3CE1FD0B17F8E1F6001C8685 /* GIFEditLibraryViewController.m */ = {isa = PBXFileReference; fileEncoding = 4; lastKnownFileType = sourcecode.c.objc; path = GIFEditLibraryViewController.m; sourceTree = "<group>"; };
		3CFF5583180453F400CC26BE /* SystemConfiguration.framework */ = {isa = PBXFileReference; lastKnownFileType = wrapper.framework; name = SystemConfiguration.framework; path = System/Library/Frameworks/SystemConfiguration.framework; sourceTree = SDKROOT; };
/* End PBXFileReference section */

/* Begin PBXFrameworksBuildPhase section */
		3CA3508617ED225E00F17A03 /* Frameworks */ = {
			isa = PBXFrameworksBuildPhase;
			buildActionMask = 2147483647;
			files = (
				3CFF5584180453F400CC26BE /* SystemConfiguration.framework in Frameworks */,
				3C8E28041804483A00619359 /* MobileCoreServices.framework in Frameworks */,
				3CA3508F17ED225E00F17A03 /* CoreGraphics.framework in Frameworks */,
				3CA3509117ED225E00F17A03 /* UIKit.framework in Frameworks */,
				3CA3508D17ED225E00F17A03 /* Foundation.framework in Frameworks */,
			);
			runOnlyForDeploymentPostprocessing = 0;
		};
		3CA350AD17ED225E00F17A03 /* Frameworks */ = {
			isa = PBXFrameworksBuildPhase;
			buildActionMask = 2147483647;
			files = (
				3CA350B217ED225E00F17A03 /* XCTest.framework in Frameworks */,
				3CA350B417ED225E00F17A03 /* UIKit.framework in Frameworks */,
				3CA350B317ED225E00F17A03 /* Foundation.framework in Frameworks */,
			);
			runOnlyForDeploymentPostprocessing = 0;
		};
/* End PBXFrameworksBuildPhase section */

/* Begin PBXGroup section */
		3C8E272018033B6900619359 /* Set/Solo View Controllers */ = {
			isa = PBXGroup;
			children = (
				3CA350A417ED225E00F17A03 /* GIFSetViewController.h */,
				3CA350A517ED225E00F17A03 /* GIFSetViewController.m */,
				3C3354181801DE6E00522F89 /* GIFSoloViewController.h */,
				3C3354191801DE6E00522F89 /* GIFSoloViewController.m */,
			);
			name = "Set/Solo View Controllers";
			sourceTree = "<group>";
		};
		3C8E272118033B6F00619359 /* Collection View Controller */ = {
			isa = PBXGroup;
			children = (
				3C2DFF2C17FF922700E71D57 /* GIFMainCollectionViewController.h */,
				3C2DFF2D17FF922700E71D57 /* GIFMainCollectionViewController.m */,
			);
			name = "Collection View Controller";
			sourceTree = "<group>";
		};
		3C8E272218033B7600619359 /* Page View Controller */ = {
			isa = PBXGroup;
			children = (
				3C8E271D18033B5B00619359 /* GIFMainPageViewController.h */,
				3C8E271E18033B5B00619359 /* GIFMainPageViewController.m */,
				3C8E272418034A1800619359 /* GIFSinglePageViewController.h */,
				3C8E272518034A1800619359 /* GIFSinglePageViewController.m */,
			);
			name = "Page View Controller";
			sourceTree = "<group>";
		};
		3C8E28051804485500619359 /* AFNetworking */ = {
			isa = PBXGroup;
			children = (
				3C8E28061804485500619359 /* AFHTTPRequestOperation.h */,
				3C8E28071804485500619359 /* AFHTTPRequestOperation.m */,
				3C8E28081804485500619359 /* AFHTTPRequestOperationManager.h */,
				3C8E28091804485500619359 /* AFHTTPRequestOperationManager.m */,
				3C8E280A1804485500619359 /* AFHTTPSessionManager.h */,
				3C8E280B1804485500619359 /* AFHTTPSessionManager.m */,
				3C8E280C1804485500619359 /* AFNetworking.h */,
				3C8E280D1804485500619359 /* AFNetworkReachabilityManager.h */,
				3C8E280E1804485500619359 /* AFNetworkReachabilityManager.m */,
				3C8E280F1804485500619359 /* AFSecurityPolicy.h */,
				3C8E28101804485500619359 /* AFSecurityPolicy.m */,
				3C8E28111804485500619359 /* AFURLConnectionOperation.h */,
				3C8E28121804485500619359 /* AFURLConnectionOperation.m */,
				3C8E28131804485500619359 /* AFURLRequestSerialization.h */,
				3C8E28141804485500619359 /* AFURLRequestSerialization.m */,
				3C8E28151804485500619359 /* AFURLResponseSerialization.h */,
				3C8E28161804485500619359 /* AFURLResponseSerialization.m */,
				3C8E28171804485500619359 /* AFURLSessionManager.h */,
				3C8E28181804485500619359 /* AFURLSessionManager.m */,
			);
			name = AFNetworking;
			path = Libraries/AFNetworking/AFNetworking;
			sourceTree = SOURCE_ROOT;
		};
		3CA3508017ED225D00F17A03 = {
			isa = PBXGroup;
			children = (
				3CA3509217ED225E00F17A03 /* AirGIF */,
				3CA350B717ED225E00F17A03 /* AirGIFTests */,
				3CA3508B17ED225E00F17A03 /* Frameworks */,
				3CA3508A17ED225E00F17A03 /* Products */,
			);
			sourceTree = "<group>";
		};
		3CA3508A17ED225E00F17A03 /* Products */ = {
			isa = PBXGroup;
			children = (
				3CA3508917ED225E00F17A03 /* AirGIF.app */,
				3CA350B017ED225E00F17A03 /* AirGIFTests.xctest */,
			);
			name = Products;
			sourceTree = "<group>";
		};
		3CA3508B17ED225E00F17A03 /* Frameworks */ = {
			isa = PBXGroup;
			children = (
				3CFF5583180453F400CC26BE /* SystemConfiguration.framework */,
				3C8E28031804483A00619359 /* MobileCoreServices.framework */,
				3CA3508C17ED225E00F17A03 /* Foundation.framework */,
				3CA3508E17ED225E00F17A03 /* CoreGraphics.framework */,
				3CA3509017ED225E00F17A03 /* UIKit.framework */,
				3CA350B117ED225E00F17A03 /* XCTest.framework */,
			);
			name = Frameworks;
			sourceTree = "<group>";
		};
		3CA3509217ED225E00F17A03 /* AirGIF */ = {
			isa = PBXGroup;
			children = (
				3CA3509B17ED225E00F17A03 /* GIFAppDelegate.h */,
				3CA3509C17ED225E00F17A03 /* GIFAppDelegate.m */,
				3CA3509E17ED225E00F17A03 /* Main_iPhone.storyboard */,
				3CA350A117ED225E00F17A03 /* Main_iPad.storyboard */,
				3C8E272018033B6900619359 /* Set/Solo View Controllers */,
				3C8E272118033B6F00619359 /* Collection View Controller */,
				3C8E272218033B7600619359 /* Page View Controller */,
				3CA350A717ED225E00F17A03 /* GIFSettingsViewController.h */,
				3CA350A817ED225E00F17A03 /* GIFSettingsViewController.m */,
				3CE1FD0A17F8E1F6001C8685 /* GIFEditLibraryViewController.h */,
				3CE1FD0B17F8E1F6001C8685 /* GIFEditLibraryViewController.m */,
				3C9D91AE17F9C419007DEDF8 /* GIFLibrary.h */,
				3C9D91AF17F9C419007DEDF8 /* GIFLibrary.m */,
				3CC6D2FE17EF7CF000422505 /* GIFActivityProvider.h */,
				3CC6D2FF17EF7CF000422505 /* GIFActivityProvider.m */,
				3CC6D2B917EF68D300422505 /* UIImage+animatedGIF */,
				3C8E28051804485500619359 /* AFNetworking */,
				3CA3509317ED225E00F17A03 /* Supporting Files */,
			);
			path = AirGIF;
			sourceTree = "<group>";
		};
		3CA3509317ED225E00F17A03 /* Supporting Files */ = {
			isa = PBXGroup;
			children = (
				3CA3509417ED225E00F17A03 /* AirGIF-Info.plist */,
				3CA3509517ED225E00F17A03 /* InfoPlist.strings */,
				3CA350AA17ED225E00F17A03 /* Images.xcassets */,
				3CC6D2B417EF67AD00422505 /* gilles.gif */,
				3C2DFF2817FF8BE600E71D57 /* rally.gif */,
				3C2DFF2A17FF8BF100E71D57 /* senna prost.gif */,
				3CA3509817ED225E00F17A03 /* main.m */,
				3CA3509A17ED225E00F17A03 /* AirGIF-Prefix.pch */,
			);
			name = "Supporting Files";
			sourceTree = "<group>";
		};
		3CA350B717ED225E00F17A03 /* AirGIFTests */ = {
			isa = PBXGroup;
			children = (
				3CA350BD17ED225E00F17A03 /* AirGIFTests.m */,
				3CA350B817ED225E00F17A03 /* Supporting Files */,
			);
			path = AirGIFTests;
			sourceTree = "<group>";
		};
		3CA350B817ED225E00F17A03 /* Supporting Files */ = {
			isa = PBXGroup;
			children = (
				3CA350B917ED225E00F17A03 /* AirGIFTests-Info.plist */,
				3CA350BA17ED225E00F17A03 /* InfoPlist.strings */,
			);
			name = "Supporting Files";
			sourceTree = "<group>";
		};
		3CC6D2B917EF68D300422505 /* UIImage+animatedGIF */ = {
			isa = PBXGroup;
			children = (
				3CC6D2B717EF68CE00422505 /* UIImage+animatedGIF.h */,
				3CC6D2B617EF68CE00422505 /* UIImage+animatedGIF.m */,
			);
			name = "UIImage+animatedGIF";
			sourceTree = "<group>";
		};
/* End PBXGroup section */

/* Begin PBXNativeTarget section */
		3CA3508817ED225E00F17A03 /* AirGIF */ = {
			isa = PBXNativeTarget;
			buildConfigurationList = 3CA350C117ED225E00F17A03 /* Build configuration list for PBXNativeTarget "AirGIF" */;
			buildPhases = (
				3CA3508517ED225E00F17A03 /* Sources */,
				3CA3508617ED225E00F17A03 /* Frameworks */,
				3CA3508717ED225E00F17A03 /* Resources */,
			);
			buildRules = (
			);
			dependencies = (
			);
			name = AirGIF;
			productName = AirGIF;
			productReference = 3CA3508917ED225E00F17A03 /* AirGIF.app */;
			productType = "com.apple.product-type.application";
		};
		3CA350AF17ED225E00F17A03 /* AirGIFTests */ = {
			isa = PBXNativeTarget;
			buildConfigurationList = 3CA350C417ED225E00F17A03 /* Build configuration list for PBXNativeTarget "AirGIFTests" */;
			buildPhases = (
				3CA350AC17ED225E00F17A03 /* Sources */,
				3CA350AD17ED225E00F17A03 /* Frameworks */,
				3CA350AE17ED225E00F17A03 /* Resources */,
			);
			buildRules = (
			);
			dependencies = (
				3CA350B617ED225E00F17A03 /* PBXTargetDependency */,
			);
			name = AirGIFTests;
			productName = AirGIFTests;
			productReference = 3CA350B017ED225E00F17A03 /* AirGIFTests.xctest */;
			productType = "com.apple.product-type.bundle.unit-test";
		};
/* End PBXNativeTarget section */

/* Begin PBXProject section */
		3CA3508117ED225D00F17A03 /* Project object */ = {
			isa = PBXProject;
			attributes = {
				CLASSPREFIX = GIF;
				LastUpgradeCheck = 0500;
				ORGANIZATIONNAME = "Ian Meyer";
				TargetAttributes = {
					3CA350AF17ED225E00F17A03 = {
						TestTargetID = 3CA3508817ED225E00F17A03;
					};
				};
			};
			buildConfigurationList = 3CA3508417ED225D00F17A03 /* Build configuration list for PBXProject "AirGIF" */;
			compatibilityVersion = "Xcode 3.2";
			developmentRegion = English;
			hasScannedForEncodings = 0;
			knownRegions = (
				en,
				Base,
			);
			mainGroup = 3CA3508017ED225D00F17A03;
			productRefGroup = 3CA3508A17ED225E00F17A03 /* Products */;
			projectDirPath = "";
			projectRoot = "";
			targets = (
				3CA3508817ED225E00F17A03 /* AirGIF */,
				3CA350AF17ED225E00F17A03 /* AirGIFTests */,
			);
		};
/* End PBXProject section */

/* Begin PBXResourcesBuildPhase section */
		3CA3508717ED225E00F17A03 /* Resources */ = {
			isa = PBXResourcesBuildPhase;
			buildActionMask = 2147483647;
			files = (
				3CA350A317ED225E00F17A03 /* Main_iPad.storyboard in Resources */,
				3C2DFF2917FF8BE600E71D57 /* rally.gif in Resources */,
				3C2DFF2B17FF8BF100E71D57 /* senna prost.gif in Resources */,
				3CA350AB17ED225E00F17A03 /* Images.xcassets in Resources */,
				3CC6D2B517EF67AD00422505 /* gilles.gif in Resources */,
				3CA350A017ED225E00F17A03 /* Main_iPhone.storyboard in Resources */,
				3CA3509717ED225E00F17A03 /* InfoPlist.strings in Resources */,
			);
			runOnlyForDeploymentPostprocessing = 0;
		};
		3CA350AE17ED225E00F17A03 /* Resources */ = {
			isa = PBXResourcesBuildPhase;
			buildActionMask = 2147483647;
			files = (
				3CA350BC17ED225E00F17A03 /* InfoPlist.strings in Resources */,
			);
			runOnlyForDeploymentPostprocessing = 0;
		};
/* End PBXResourcesBuildPhase section */

/* Begin PBXSourcesBuildPhase section */
		3CA3508517ED225E00F17A03 /* Sources */ = {
			isa = PBXSourcesBuildPhase;
			buildActionMask = 2147483647;
			files = (
				3C8E28191804485500619359 /* AFHTTPRequestOperation.m in Sources */,
				3C8E272618034A1800619359 /* GIFSinglePageViewController.m in Sources */,
				3CE1FD0C17F8E1F6001C8685 /* GIFEditLibraryViewController.m in Sources */,
				3C8E28291804485500619359 /* AFURLSessionManager.m in Sources */,
				3CA3509917ED225E00F17A03 /* main.m in Sources */,
				3C8E28231804485500619359 /* AFURLConnectionOperation.m in Sources */,
				3C8E281B1804485500619359 /* AFHTTPRequestOperationManager.m in Sources */,
				3C33541A1801DE6E00522F89 /* GIFSoloViewController.m in Sources */,
				3C8E281F1804485500619359 /* AFNetworkReachabilityManager.m in Sources */,
				3C9D91B017F9C419007DEDF8 /* GIFLibrary.m in Sources */,
				3CA3509D17ED225E00F17A03 /* GIFAppDelegate.m in Sources */,
				3C8E28211804485500619359 /* AFSecurityPolicy.m in Sources */,
				3C8E271F18033B5B00619359 /* GIFMainPageViewController.m in Sources */,
				3C8E28251804485500619359 /* AFURLRequestSerialization.m in Sources */,
				3CC6D30017EF7CF000422505 /* GIFActivityProvider.m in Sources */,
				3C8E28271804485500619359 /* AFURLResponseSerialization.m in Sources */,
				3CA350A617ED225E00F17A03 /* GIFSetViewController.m in Sources */,
				3CC6D2B817EF68CE00422505 /* UIImage+animatedGIF.m in Sources */,
				3C8E281D1804485500619359 /* AFHTTPSessionManager.m in Sources */,
				3C2DFF2E17FF922700E71D57 /* GIFMainCollectionViewController.m in Sources */,
				3CA350A917ED225E00F17A03 /* GIFSettingsViewController.m in Sources */,
			);
			runOnlyForDeploymentPostprocessing = 0;
		};
		3CA350AC17ED225E00F17A03 /* Sources */ = {
			isa = PBXSourcesBuildPhase;
			buildActionMask = 2147483647;
			files = (
				3C8E28241804485500619359 /* AFURLConnectionOperation.m in Sources */,
				3C8E28281804485500619359 /* AFURLResponseSerialization.m in Sources */,
				3C8E281A1804485500619359 /* AFHTTPRequestOperation.m in Sources */,
				3CA350BE17ED225E00F17A03 /* AirGIFTests.m in Sources */,
				3C8E28201804485500619359 /* AFNetworkReachabilityManager.m in Sources */,
				3C8E282A1804485500619359 /* AFURLSessionManager.m in Sources */,
				3C8E281C1804485500619359 /* AFHTTPRequestOperationManager.m in Sources */,
				3C8E28221804485500619359 /* AFSecurityPolicy.m in Sources */,
				3C8E281E1804485500619359 /* AFHTTPSessionManager.m in Sources */,
				3C8E28261804485500619359 /* AFURLRequestSerialization.m in Sources */,
			);
			runOnlyForDeploymentPostprocessing = 0;
		};
/* End PBXSourcesBuildPhase section */

/* Begin PBXTargetDependency section */
		3CA350B617ED225E00F17A03 /* PBXTargetDependency */ = {
			isa = PBXTargetDependency;
			target = 3CA3508817ED225E00F17A03 /* AirGIF */;
			targetProxy = 3CA350B517ED225E00F17A03 /* PBXContainerItemProxy */;
		};
/* End PBXTargetDependency section */

/* Begin PBXVariantGroup section */
		3CA3509517ED225E00F17A03 /* InfoPlist.strings */ = {
			isa = PBXVariantGroup;
			children = (
				3CA3509617ED225E00F17A03 /* en */,
			);
			name = InfoPlist.strings;
			sourceTree = "<group>";
		};
		3CA3509E17ED225E00F17A03 /* Main_iPhone.storyboard */ = {
			isa = PBXVariantGroup;
			children = (
				3CA3509F17ED225E00F17A03 /* Base */,
			);
			name = Main_iPhone.storyboard;
			sourceTree = "<group>";
		};
		3CA350A117ED225E00F17A03 /* Main_iPad.storyboard */ = {
			isa = PBXVariantGroup;
			children = (
				3CA350A217ED225E00F17A03 /* Base */,
			);
			name = Main_iPad.storyboard;
			sourceTree = "<group>";
		};
		3CA350BA17ED225E00F17A03 /* InfoPlist.strings */ = {
			isa = PBXVariantGroup;
			children = (
				3CA350BB17ED225E00F17A03 /* en */,
			);
			name = InfoPlist.strings;
			sourceTree = "<group>";
		};
/* End PBXVariantGroup section */

/* Begin XCBuildConfiguration section */
		3CA350BF17ED225E00F17A03 /* Debug */ = {
			isa = XCBuildConfiguration;
			buildSettings = {
				ALWAYS_SEARCH_USER_PATHS = NO;
				ARCHS = "$(ARCHS_STANDARD_INCLUDING_64_BIT)";
				CLANG_CXX_LANGUAGE_STANDARD = "gnu++0x";
				CLANG_CXX_LIBRARY = "libc++";
				CLANG_ENABLE_MODULES = YES;
				CLANG_ENABLE_OBJC_ARC = YES;
				CLANG_WARN_BOOL_CONVERSION = YES;
				CLANG_WARN_CONSTANT_CONVERSION = YES;
				CLANG_WARN_DIRECT_OBJC_ISA_USAGE = YES_ERROR;
				CLANG_WARN_EMPTY_BODY = YES;
				CLANG_WARN_ENUM_CONVERSION = YES;
				CLANG_WARN_INT_CONVERSION = YES;
				CLANG_WARN_OBJC_ROOT_CLASS = YES_ERROR;
				CLANG_WARN__DUPLICATE_METHOD_MATCH = YES;
				"CODE_SIGN_IDENTITY[sdk=iphoneos*]" = "iPhone Developer";
				COPY_PHASE_STRIP = NO;
				GCC_C_LANGUAGE_STANDARD = gnu99;
				GCC_DYNAMIC_NO_PIC = NO;
				GCC_OPTIMIZATION_LEVEL = 0;
				GCC_PREPROCESSOR_DEFINITIONS = (
					"DEBUG=1",
					"$(inherited)",
				);
				GCC_SYMBOLS_PRIVATE_EXTERN = NO;
				GCC_WARN_64_TO_32_BIT_CONVERSION = YES;
				GCC_WARN_ABOUT_RETURN_TYPE = YES_ERROR;
				GCC_WARN_UNDECLARED_SELECTOR = YES;
				GCC_WARN_UNINITIALIZED_AUTOS = YES;
				GCC_WARN_UNUSED_FUNCTION = YES;
				GCC_WARN_UNUSED_VARIABLE = YES;
				IPHONEOS_DEPLOYMENT_TARGET = 7.0;
				ONLY_ACTIVE_ARCH = YES;
				SDKROOT = iphoneos;
				TARGETED_DEVICE_FAMILY = "1,2";
			};
			name = Debug;
		};
		3CA350C017ED225E00F17A03 /* Release */ = {
			isa = XCBuildConfiguration;
			buildSettings = {
				ALWAYS_SEARCH_USER_PATHS = NO;
				ARCHS = "$(ARCHS_STANDARD_INCLUDING_64_BIT)";
				CLANG_CXX_LANGUAGE_STANDARD = "gnu++0x";
				CLANG_CXX_LIBRARY = "libc++";
				CLANG_ENABLE_MODULES = YES;
				CLANG_ENABLE_OBJC_ARC = YES;
				CLANG_WARN_BOOL_CONVERSION = YES;
				CLANG_WARN_CONSTANT_CONVERSION = YES;
				CLANG_WARN_DIRECT_OBJC_ISA_USAGE = YES_ERROR;
				CLANG_WARN_EMPTY_BODY = YES;
				CLANG_WARN_ENUM_CONVERSION = YES;
				CLANG_WARN_INT_CONVERSION = YES;
				CLANG_WARN_OBJC_ROOT_CLASS = YES_ERROR;
				CLANG_WARN__DUPLICATE_METHOD_MATCH = YES;
				"CODE_SIGN_IDENTITY[sdk=iphoneos*]" = "iPhone Developer";
				COPY_PHASE_STRIP = YES;
				ENABLE_NS_ASSERTIONS = NO;
				GCC_C_LANGUAGE_STANDARD = gnu99;
				GCC_WARN_64_TO_32_BIT_CONVERSION = YES;
				GCC_WARN_ABOUT_RETURN_TYPE = YES_ERROR;
				GCC_WARN_UNDECLARED_SELECTOR = YES;
				GCC_WARN_UNINITIALIZED_AUTOS = YES;
				GCC_WARN_UNUSED_FUNCTION = YES;
				GCC_WARN_UNUSED_VARIABLE = YES;
				IPHONEOS_DEPLOYMENT_TARGET = 7.0;
				SDKROOT = iphoneos;
				TARGETED_DEVICE_FAMILY = "1,2";
				VALIDATE_PRODUCT = YES;
			};
			name = Release;
		};
		3CA350C217ED225E00F17A03 /* Debug */ = {
			isa = XCBuildConfiguration;
			buildSettings = {
				ASSETCATALOG_COMPILER_APPICON_NAME = AppIcon;
				ASSETCATALOG_COMPILER_LAUNCHIMAGE_NAME = LaunchImage;
				GCC_PRECOMPILE_PREFIX_HEADER = YES;
				GCC_PREFIX_HEADER = "AirGIF/AirGIF-Prefix.pch";
				INFOPLIST_FILE = "AirGIF/AirGIF-Info.plist";
				IPHONEOS_DEPLOYMENT_TARGET = 7.0;
				PRODUCT_NAME = "$(TARGET_NAME)";
				WRAPPER_EXTENSION = app;
			};
			name = Debug;
		};
		3CA350C317ED225E00F17A03 /* Release */ = {
			isa = XCBuildConfiguration;
			buildSettings = {
				ASSETCATALOG_COMPILER_APPICON_NAME = AppIcon;
				ASSETCATALOG_COMPILER_LAUNCHIMAGE_NAME = LaunchImage;
				GCC_PRECOMPILE_PREFIX_HEADER = YES;
				GCC_PREFIX_HEADER = "AirGIF/AirGIF-Prefix.pch";
				INFOPLIST_FILE = "AirGIF/AirGIF-Info.plist";
				IPHONEOS_DEPLOYMENT_TARGET = 7.0;
				PRODUCT_NAME = "$(TARGET_NAME)";
				WRAPPER_EXTENSION = app;
			};
			name = Release;
		};
		3CA350C517ED225E00F17A03 /* Debug */ = {
			isa = XCBuildConfiguration;
			buildSettings = {
				ARCHS = "$(ARCHS_STANDARD_INCLUDING_64_BIT)";
				BUNDLE_LOADER = "$(BUILT_PRODUCTS_DIR)/AirGIF.app/AirGIF";
				FRAMEWORK_SEARCH_PATHS = (
					"$(SDKROOT)/Developer/Library/Frameworks",
					"$(inherited)",
					"$(DEVELOPER_FRAMEWORKS_DIR)",
				);
				GCC_PRECOMPILE_PREFIX_HEADER = YES;
				GCC_PREFIX_HEADER = "AirGIF/AirGIF-Prefix.pch";
				GCC_PREPROCESSOR_DEFINITIONS = (
					"DEBUG=1",
					"$(inherited)",
				);
				INFOPLIST_FILE = "AirGIFTests/AirGIFTests-Info.plist";
				PRODUCT_NAME = "$(TARGET_NAME)";
				TEST_HOST = "$(BUNDLE_LOADER)";
				WRAPPER_EXTENSION = xctest;
			};
			name = Debug;
		};
		3CA350C617ED225E00F17A03 /* Release */ = {
			isa = XCBuildConfiguration;
			buildSettings = {
				ARCHS = "$(ARCHS_STANDARD_INCLUDING_64_BIT)";
				BUNDLE_LOADER = "$(BUILT_PRODUCTS_DIR)/AirGIF.app/AirGIF";
				FRAMEWORK_SEARCH_PATHS = (
					"$(SDKROOT)/Developer/Library/Frameworks",
					"$(inherited)",
					"$(DEVELOPER_FRAMEWORKS_DIR)",
				);
				GCC_PRECOMPILE_PREFIX_HEADER = YES;
				GCC_PREFIX_HEADER = "AirGIF/AirGIF-Prefix.pch";
				INFOPLIST_FILE = "AirGIFTests/AirGIFTests-Info.plist";
				PRODUCT_NAME = "$(TARGET_NAME)";
				TEST_HOST = "$(BUNDLE_LOADER)";
				WRAPPER_EXTENSION = xctest;
			};
			name = Release;
		};
/* End XCBuildConfiguration section */

/* Begin XCConfigurationList section */
		3CA3508417ED225D00F17A03 /* Build configuration list for PBXProject "AirGIF" */ = {
			isa = XCConfigurationList;
			buildConfigurations = (
				3CA350BF17ED225E00F17A03 /* Debug */,
				3CA350C017ED225E00F17A03 /* Release */,
			);
			defaultConfigurationIsVisible = 0;
			defaultConfigurationName = Release;
		};
		3CA350C117ED225E00F17A03 /* Build configuration list for PBXNativeTarget "AirGIF" */ = {
			isa = XCConfigurationList;
			buildConfigurations = (
				3CA350C217ED225E00F17A03 /* Debug */,
				3CA350C317ED225E00F17A03 /* Release */,
			);
			defaultConfigurationIsVisible = 0;
			defaultConfigurationName = Release;
		};
		3CA350C417ED225E00F17A03 /* Build configuration list for PBXNativeTarget "AirGIFTests" */ = {
			isa = XCConfigurationList;
			buildConfigurations = (
				3CA350C517ED225E00F17A03 /* Debug */,
				3CA350C617ED225E00F17A03 /* Release */,
			);
			defaultConfigurationIsVisible = 0;
			defaultConfigurationName = Release;
		};
/* End XCConfigurationList section */
	};
	rootObject = 3CA3508117ED225D00F17A03 /* Project object */;
}
